// !$*UTF8*$!
{
	archiveVersion = 1;
	classes = {
	};
	objectVersion = 46;
	objects = {

/* Begin PBXBuildFile section */
		878931D51CF82737001DE53E /* main.m in Sources */ = {isa = PBXBuildFile; fileRef = 878931D41CF82737001DE53E /* main.m */; };
		878931D81CF82737001DE53E /* AppDelegate.m in Sources */ = {isa = PBXBuildFile; fileRef = 878931D71CF82737001DE53E /* AppDelegate.m */; };
		878931DE1CF82737001DE53E /* Main.storyboard in Resources */ = {isa = PBXBuildFile; fileRef = 878931DC1CF82737001DE53E /* Main.storyboard */; };
		878931E01CF82737001DE53E /* Assets.xcassets in Resources */ = {isa = PBXBuildFile; fileRef = 878931DF1CF82737001DE53E /* Assets.xcassets */; };
		878931E31CF82737001DE53E /* LaunchScreen.storyboard in Resources */ = {isa = PBXBuildFile; fileRef = 878931E11CF82737001DE53E /* LaunchScreen.storyboard */; };
		878931EE1CF82737001DE53E /* AdrBookToolsTests.m in Sources */ = {isa = PBXBuildFile; fileRef = 878931ED1CF82737001DE53E /* AdrBookToolsTests.m */; };
		878931F91CF82737001DE53E /* AdrBookToolsUITests.m in Sources */ = {isa = PBXBuildFile; fileRef = 878931F81CF82737001DE53E /* AdrBookToolsUITests.m */; };
		87FBA4271CF82CE90063DB07 /* TableViewController.m in Sources */ = {isa = PBXBuildFile; fileRef = 87FBA4261CF82CE90063DB07 /* TableViewController.m */; };
		87FBA42A1CF838BD0063DB07 /* ContactManager.m in Sources */ = {isa = PBXBuildFile; fileRef = 87FBA4291CF838BD0063DB07 /* ContactManager.m */; };
		87FBA42D1CF839720063DB07 /* ContactModel.m in Sources */ = {isa = PBXBuildFile; fileRef = 87FBA42C1CF839720063DB07 /* ContactModel.m */; };
		87FBA4311CF83AC80063DB07 /* UIAlertView+YH.m in Sources */ = {isa = PBXBuildFile; fileRef = 87FBA4301CF83AC80063DB07 /* UIAlertView+YH.m */; };
		87FBA4351CF83E9B0063DB07 /* pinyin.c in Sources */ = {isa = PBXBuildFile; fileRef = 87FBA4331CF83E9B0063DB07 /* pinyin.c */; };
		87FBA4391CF842D40063DB07 /* default@2x.png in Resources */ = {isa = PBXBuildFile; fileRef = 87FBA4381CF842D40063DB07 /* default@2x.png */; };
		87FBA43C1CF8488B0063DB07 /* NorwTableViewCell.m in Sources */ = {isa = PBXBuildFile; fileRef = 87FBA43B1CF8488B0063DB07 /* NorwTableViewCell.m */; };
		87FBA43F1CF84A270063DB07 /* activate_friends_not_seleted@2x.png in Resources */ = {isa = PBXBuildFile; fileRef = 87FBA43D1CF84A270063DB07 /* activate_friends_not_seleted@2x.png */; };
		87FBA4401CF84A270063DB07 /* activate_friends_seleted@2x.png in Resources */ = {isa = PBXBuildFile; fileRef = 87FBA43E1CF84A270063DB07 /* activate_friends_seleted@2x.png */; };
/* End PBXBuildFile section */

/* Begin PBXContainerItemProxy section */
		878931EA1CF82737001DE53E /* PBXContainerItemProxy */ = {
			isa = PBXContainerItemProxy;
			containerPortal = 878931C81CF82737001DE53E /* Project object */;
			proxyType = 1;
			remoteGlobalIDString = 878931CF1CF82737001DE53E;
			remoteInfo = AdrBookTools;
		};
		878931F51CF82737001DE53E /* PBXContainerItemProxy */ = {
			isa = PBXContainerItemProxy;
			containerPortal = 878931C81CF82737001DE53E /* Project object */;
			proxyType = 1;
			remoteGlobalIDString = 878931CF1CF82737001DE53E;
			remoteInfo = AdrBookTools;
		};
/* End PBXContainerItemProxy section */

/* Begin PBXFileReference section */
		878931D01CF82737001DE53E /* AdrBookTools.app */ = {isa = PBXFileReference; explicitFileType = wrapper.application; includeInIndex = 0; path = AdrBookTools.app; sourceTree = BUILT_PRODUCTS_DIR; };
		878931D41CF82737001DE53E /* main.m */ = {isa = PBXFileReference; lastKnownFileType = sourcecode.c.objc; path = main.m; sourceTree = "<group>"; };
		878931D61CF82737001DE53E /* AppDelegate.h */ = {isa = PBXFileReference; lastKnownFileType = sourcecode.c.h; path = AppDelegate.h; sourceTree = "<group>"; };
		878931D71CF82737001DE53E /* AppDelegate.m */ = {isa = PBXFileReference; lastKnownFileType = sourcecode.c.objc; path = AppDelegate.m; sourceTree = "<group>"; };
		878931DD1CF82737001DE53E /* Base */ = {isa = PBXFileReference; lastKnownFileType = file.storyboard; name = Base; path = Base.lproj/Main.storyboard; sourceTree = "<group>"; };
		878931DF1CF82737001DE53E /* Assets.xcassets */ = {isa = PBXFileReference; lastKnownFileType = folder.assetcatalog; path = Assets.xcassets; sourceTree = "<group>"; };
		878931E21CF82737001DE53E /* Base */ = {isa = PBXFileReference; lastKnownFileType = file.storyboard; name = Base; path = Base.lproj/LaunchScreen.storyboard; sourceTree = "<group>"; };
		878931E41CF82737001DE53E /* Info.plist */ = {isa = PBXFileReference; lastKnownFileType = text.plist.xml; path = Info.plist; sourceTree = "<group>"; };
		878931E91CF82737001DE53E /* AdrBookToolsTests.xctest */ = {isa = PBXFileReference; explicitFileType = wrapper.cfbundle; includeInIndex = 0; path = AdrBookToolsTests.xctest; sourceTree = BUILT_PRODUCTS_DIR; };
		878931ED1CF82737001DE53E /* AdrBookToolsTests.m */ = {isa = PBXFileReference; lastKnownFileType = sourcecode.c.objc; path = AdrBookToolsTests.m; sourceTree = "<group>"; };
		878931EF1CF82737001DE53E /* Info.plist */ = {isa = PBXFileReference; lastKnownFileType = text.plist.xml; path = Info.plist; sourceTree = "<group>"; };
		878931F41CF82737001DE53E /* AdrBookToolsUITests.xctest */ = {isa = PBXFileReference; explicitFileType = wrapper.cfbundle; includeInIndex = 0; path = AdrBookToolsUITests.xctest; sourceTree = BUILT_PRODUCTS_DIR; };
		878931F81CF82737001DE53E /* AdrBookToolsUITests.m */ = {isa = PBXFileReference; lastKnownFileType = sourcecode.c.objc; path = AdrBookToolsUITests.m; sourceTree = "<group>"; };
		878931FA1CF82737001DE53E /* Info.plist */ = {isa = PBXFileReference; lastKnownFileType = text.plist.xml; path = Info.plist; sourceTree = "<group>"; };
		87FBA4251CF82CE90063DB07 /* TableViewController.h */ = {isa = PBXFileReference; fileEncoding = 4; lastKnownFileType = sourcecode.c.h; path = TableViewController.h; sourceTree = "<group>"; };
		87FBA4261CF82CE90063DB07 /* TableViewController.m */ = {isa = PBXFileReference; fileEncoding = 4; lastKnownFileType = sourcecode.c.objc; path = TableViewController.m; sourceTree = "<group>"; };
		87FBA4281CF838BD0063DB07 /* ContactManager.h */ = {isa = PBXFileReference; fileEncoding = 4; lastKnownFileType = sourcecode.c.h; path = ContactManager.h; sourceTree = "<group>"; };
		87FBA4291CF838BD0063DB07 /* ContactManager.m */ = {isa = PBXFileReference; fileEncoding = 4; lastKnownFileType = sourcecode.c.objc; path = ContactManager.m; sourceTree = "<group>"; };
		87FBA42B1CF839720063DB07 /* ContactModel.h */ = {isa = PBXFileReference; fileEncoding = 4; lastKnownFileType = sourcecode.c.h; path = ContactModel.h; sourceTree = "<group>"; };
		87FBA42C1CF839720063DB07 /* ContactModel.m */ = {isa = PBXFileReference; fileEncoding = 4; lastKnownFileType = sourcecode.c.objc; path = ContactModel.m; sourceTree = "<group>"; };
		87FBA42F1CF83AC80063DB07 /* UIAlertView+YH.h */ = {isa = PBXFileReference; fileEncoding = 4; lastKnownFileType = sourcecode.c.h; path = "UIAlertView+YH.h"; sourceTree = "<group>"; };
		87FBA4301CF83AC80063DB07 /* UIAlertView+YH.m */ = {isa = PBXFileReference; fileEncoding = 4; lastKnownFileType = sourcecode.c.objc; path = "UIAlertView+YH.m"; sourceTree = "<group>"; };
		87FBA4331CF83E9B0063DB07 /* pinyin.c */ = {isa = PBXFileReference; fileEncoding = 4; lastKnownFileType = sourcecode.c.c; path = pinyin.c; sourceTree = "<group>"; };
		87FBA4341CF83E9B0063DB07 /* pinyin.h */ = {isa = PBXFileReference; fileEncoding = 4; lastKnownFileType = sourcecode.c.h; path = pinyin.h; sourceTree = "<group>"; };
		87FBA4361CF841110063DB07 /* Header.h */ = {isa = PBXFileReference; lastKnownFileType = sourcecode.c.h; path = Header.h; sourceTree = "<group>"; };
		87FBA4381CF842D40063DB07 /* default@2x.png */ = {isa = PBXFileReference; lastKnownFileType = image.png; path = "default@2x.png"; sourceTree = "<group>"; };
		87FBA43A1CF8488B0063DB07 /* NorwTableViewCell.h */ = {isa = PBXFileReference; fileEncoding = 4; lastKnownFileType = sourcecode.c.h; path = NorwTableViewCell.h; sourceTree = "<group>"; };
		87FBA43B1CF8488B0063DB07 /* NorwTableViewCell.m */ = {isa = PBXFileReference; fileEncoding = 4; lastKnownFileType = sourcecode.c.objc; path = NorwTableViewCell.m; sourceTree = "<group>"; };
		87FBA43D1CF84A270063DB07 /* activate_friends_not_seleted@2x.png */ = {isa = PBXFileReference; lastKnownFileType = image.png; path = "activate_friends_not_seleted@2x.png"; sourceTree = "<group>"; };
		87FBA43E1CF84A270063DB07 /* activate_friends_seleted@2x.png */ = {isa = PBXFileReference; lastKnownFileType = image.png; path = "activate_friends_seleted@2x.png"; sourceTree = "<group>"; };
/* End PBXFileReference section */

/* Begin PBXFrameworksBuildPhase section */
		878931CD1CF82737001DE53E /* Frameworks */ = {
			isa = PBXFrameworksBuildPhase;
			buildActionMask = 2147483647;
			files = (
			);
			runOnlyForDeploymentPostprocessing = 0;
		};
		878931E61CF82737001DE53E /* Frameworks */ = {
			isa = PBXFrameworksBuildPhase;
			buildActionMask = 2147483647;
			files = (
			);
			runOnlyForDeploymentPostprocessing = 0;
		};
		878931F11CF82737001DE53E /* Frameworks */ = {
			isa = PBXFrameworksBuildPhase;
			buildActionMask = 2147483647;
			files = (
			);
			runOnlyForDeploymentPostprocessing = 0;
		};
/* End PBXFrameworksBuildPhase section */

/* Begin PBXGroup section */
		878931C71CF82737001DE53E = {
			isa = PBXGroup;
			children = (
				878931D21CF82737001DE53E /* AdrBookTools */,
				878931EC1CF82737001DE53E /* AdrBookToolsTests */,
				878931F71CF82737001DE53E /* AdrBookToolsUITests */,
				878931D11CF82737001DE53E /* Products */,
			);
			sourceTree = "<group>";
		};
		878931D11CF82737001DE53E /* Products */ = {
			isa = PBXGroup;
			children = (
				878931D01CF82737001DE53E /* AdrBookTools.app */,
				878931E91CF82737001DE53E /* AdrBookToolsTests.xctest */,
				878931F41CF82737001DE53E /* AdrBookToolsUITests.xctest */,
			);
			name = Products;
			sourceTree = "<group>";
		};
		878931D21CF82737001DE53E /* AdrBookTools */ = {
			isa = PBXGroup;
			children = (
				87FBA4371CF842D40063DB07 /* Resource */,
				87FBA4321CF83E9B0063DB07 /* Pingying */,
				87FBA42E1CF83AC80063DB07 /* UIAlertViewExt */,
				878931D61CF82737001DE53E /* AppDelegate.h */,
				878931D71CF82737001DE53E /* AppDelegate.m */,
				87FBA4361CF841110063DB07 /* Header.h */,
				87FBA4251CF82CE90063DB07 /* TableViewController.h */,
				87FBA4261CF82CE90063DB07 /* TableViewController.m */,
				87FBA43A1CF8488B0063DB07 /* NorwTableViewCell.h */,
				87FBA43B1CF8488B0063DB07 /* NorwTableViewCell.m */,
				87FBA4281CF838BD0063DB07 /* ContactManager.h */,
				87FBA4291CF838BD0063DB07 /* ContactManager.m */,
				87FBA42B1CF839720063DB07 /* ContactModel.h */,
				87FBA42C1CF839720063DB07 /* ContactModel.m */,
				878931DC1CF82737001DE53E /* Main.storyboard */,
				878931DF1CF82737001DE53E /* Assets.xcassets */,
				878931E11CF82737001DE53E /* LaunchScreen.storyboard */,
				878931E41CF82737001DE53E /* Info.plist */,
				878931D31CF82737001DE53E /* Supporting Files */,
			);
			path = AdrBookTools;
			sourceTree = "<group>";
		};
		878931D31CF82737001DE53E /* Supporting Files */ = {
			isa = PBXGroup;
			children = (
				878931D41CF82737001DE53E /* main.m */,
			);
			name = "Supporting Files";
			sourceTree = "<group>";
		};
		878931EC1CF82737001DE53E /* AdrBookToolsTests */ = {
			isa = PBXGroup;
			children = (
				878931ED1CF82737001DE53E /* AdrBookToolsTests.m */,
				878931EF1CF82737001DE53E /* Info.plist */,
			);
			path = AdrBookToolsTests;
			sourceTree = "<group>";
		};
		878931F71CF82737001DE53E /* AdrBookToolsUITests */ = {
			isa = PBXGroup;
			children = (
				878931F81CF82737001DE53E /* AdrBookToolsUITests.m */,
				878931FA1CF82737001DE53E /* Info.plist */,
			);
			path = AdrBookToolsUITests;
			sourceTree = "<group>";
		};
		87FBA42E1CF83AC80063DB07 /* UIAlertViewExt */ = {
			isa = PBXGroup;
			children = (
				87FBA42F1CF83AC80063DB07 /* UIAlertView+YH.h */,
				87FBA4301CF83AC80063DB07 /* UIAlertView+YH.m */,
			);
			path = UIAlertViewExt;
			sourceTree = "<group>";
		};
		87FBA4321CF83E9B0063DB07 /* Pingying */ = {
			isa = PBXGroup;
			children = (
				87FBA4331CF83E9B0063DB07 /* pinyin.c */,
				87FBA4341CF83E9B0063DB07 /* pinyin.h */,
			);
			path = Pingying;
			sourceTree = "<group>";
		};
		87FBA4371CF842D40063DB07 /* Resource */ = {
			isa = PBXGroup;
			children = (
				87FBA43D1CF84A270063DB07 /* activate_friends_not_seleted@2x.png */,
				87FBA43E1CF84A270063DB07 /* activate_friends_seleted@2x.png */,
				87FBA4381CF842D40063DB07 /* default@2x.png */,
			);
			path = Resource;
			sourceTree = "<group>";
		};
/* End PBXGroup section */

/* Begin PBXNativeTarget section */
		878931CF1CF82737001DE53E /* AdrBookTools */ = {
			isa = PBXNativeTarget;
			buildConfigurationList = 878931FD1CF82737001DE53E /* Build configuration list for PBXNativeTarget "AdrBookTools" */;
			buildPhases = (
				878931CC1CF82737001DE53E /* Sources */,
				878931CD1CF82737001DE53E /* Frameworks */,
				878931CE1CF82737001DE53E /* Resources */,
			);
			buildRules = (
			);
			dependencies = (
			);
			name = AdrBookTools;
			productName = AdrBookTools;
			productReference = 878931D01CF82737001DE53E /* AdrBookTools.app */;
			productType = "com.apple.product-type.application";
		};
		878931E81CF82737001DE53E /* AdrBookToolsTests */ = {
			isa = PBXNativeTarget;
			buildConfigurationList = 878932001CF82737001DE53E /* Build configuration list for PBXNativeTarget "AdrBookToolsTests" */;
			buildPhases = (
				878931E51CF82737001DE53E /* Sources */,
				878931E61CF82737001DE53E /* Frameworks */,
				878931E71CF82737001DE53E /* Resources */,
			);
			buildRules = (
			);
			dependencies = (
				878931EB1CF82737001DE53E /* PBXTargetDependency */,
			);
			name = AdrBookToolsTests;
			productName = AdrBookToolsTests;
			productReference = 878931E91CF82737001DE53E /* AdrBookToolsTests.xctest */;
			productType = "com.apple.product-type.bundle.unit-test";
		};
		878931F31CF82737001DE53E /* AdrBookToolsUITests */ = {
			isa = PBXNativeTarget;
			buildConfigurationList = 878932031CF82737001DE53E /* Build configuration list for PBXNativeTarget "AdrBookToolsUITests" */;
			buildPhases = (
				878931F01CF82737001DE53E /* Sources */,
				878931F11CF82737001DE53E /* Frameworks */,
				878931F21CF82737001DE53E /* Resources */,
			);
			buildRules = (
			);
			dependencies = (
				878931F61CF82737001DE53E /* PBXTargetDependency */,
			);
			name = AdrBookToolsUITests;
			productName = AdrBookToolsUITests;
			productReference = 878931F41CF82737001DE53E /* AdrBookToolsUITests.xctest */;
			productType = "com.apple.product-type.bundle.ui-testing";
		};
/* End PBXNativeTarget section */

/* Begin PBXProject section */
		878931C81CF82737001DE53E /* Project object */ = {
			isa = PBXProject;
			attributes = {
				LastUpgradeCheck = 0730;
				ORGANIZATIONNAME = "陈浩";
				TargetAttributes = {
					878931CF1CF82737001DE53E = {
						CreatedOnToolsVersion = 7.3.1;
					};
					878931E81CF82737001DE53E = {
						CreatedOnToolsVersion = 7.3.1;
						TestTargetID = 878931CF1CF82737001DE53E;
					};
					878931F31CF82737001DE53E = {
						CreatedOnToolsVersion = 7.3.1;
						TestTargetID = 878931CF1CF82737001DE53E;
					};
				};
			};
			buildConfigurationList = 878931CB1CF82737001DE53E /* Build configuration list for PBXProject "AdrBookTools" */;
			compatibilityVersion = "Xcode 3.2";
			developmentRegion = English;
			hasScannedForEncodings = 0;
			knownRegions = (
				en,
				Base,
			);
			mainGroup = 878931C71CF82737001DE53E;
			productRefGroup = 878931D11CF82737001DE53E /* Products */;
			projectDirPath = "";
			projectRoot = "";
			targets = (
				878931CF1CF82737001DE53E /* AdrBookTools */,
				878931E81CF82737001DE53E /* AdrBookToolsTests */,
				878931F31CF82737001DE53E /* AdrBookToolsUITests */,
			);
		};
/* End PBXProject section */

/* Begin PBXResourcesBuildPhase section */
		878931CE1CF82737001DE53E /* Resources */ = {
			isa = PBXResourcesBuildPhase;
			buildActionMask = 2147483647;
			files = (
				87FBA4401CF84A270063DB07 /* activate_friends_seleted@2x.png in Resources */,
				87FBA4391CF842D40063DB07 /* default@2x.png in Resources */,
				878931E31CF82737001DE53E /* LaunchScreen.storyboard in Resources */,
				87FBA43F1CF84A270063DB07 /* activate_friends_not_seleted@2x.png in Resources */,
				878931E01CF82737001DE53E /* Assets.xcassets in Resources */,
				878931DE1CF82737001DE53E /* Main.storyboard in Resources */,
			);
			runOnlyForDeploymentPostprocessing = 0;
		};
		878931E71CF82737001DE53E /* Resources */ = {
			isa = PBXResourcesBuildPhase;
			buildActionMask = 2147483647;
			files = (
			);
			runOnlyForDeploymentPostprocessing = 0;
		};
		878931F21CF82737001DE53E /* Resources */ = {
			isa = PBXResourcesBuildPhase;
			buildActionMask = 2147483647;
			files = (
			);
			runOnlyForDeploymentPostprocessing = 0;
		};
/* End PBXResourcesBuildPhase section */

/* Begin PBXSourcesBuildPhase section */
		878931CC1CF82737001DE53E /* Sources */ = {
			isa = PBXSourcesBuildPhase;
			buildActionMask = 2147483647;
			files = (
				87FBA4351CF83E9B0063DB07 /* pinyin.c in Sources */,
				87FBA4311CF83AC80063DB07 /* UIAlertView+YH.m in Sources */,
				878931D81CF82737001DE53E /* AppDelegate.m in Sources */,
				87FBA4271CF82CE90063DB07 /* TableViewController.m in Sources */,
				87FBA42A1CF838BD0063DB07 /* ContactManager.m in Sources */,
				878931D51CF82737001DE53E /* main.m in Sources */,
				87FBA42D1CF839720063DB07 /* ContactModel.m in Sources */,
				87FBA43C1CF8488B0063DB07 /* NorwTableViewCell.m in Sources */,
			);
			runOnlyForDeploymentPostprocessing = 0;
		};
		878931E51CF82737001DE53E /* Sources */ = {
			isa = PBXSourcesBuildPhase;
			buildActionMask = 2147483647;
			files = (
				878931EE1CF82737001DE53E /* AdrBookToolsTests.m in Sources */,
			);
			runOnlyForDeploymentPostprocessing = 0;
		};
		878931F01CF82737001DE53E /* Sources */ = {
			isa = PBXSourcesBuildPhase;
			buildActionMask = 2147483647;
			files = (
				878931F91CF82737001DE53E /* AdrBookToolsUITests.m in Sources */,
			);
			runOnlyForDeploymentPostprocessing = 0;
		};
/* End PBXSourcesBuildPhase section */

/* Begin PBXTargetDependency section */
		878931EB1CF82737001DE53E /* PBXTargetDependency */ = {
			isa = PBXTargetDependency;
			target = 878931CF1CF82737001DE53E /* AdrBookTools */;
			targetProxy = 878931EA1CF82737001DE53E /* PBXContainerItemProxy */;
		};
		878931F61CF82737001DE53E /* PBXTargetDependency */ = {
			isa = PBXTargetDependency;
			target = 878931CF1CF82737001DE53E /* AdrBookTools */;
			targetProxy = 878931F51CF82737001DE53E /* PBXContainerItemProxy */;
		};
/* End PBXTargetDependency section */

/* Begin PBXVariantGroup section */
		878931DC1CF82737001DE53E /* Main.storyboard */ = {
			isa = PBXVariantGroup;
			children = (
				878931DD1CF82737001DE53E /* Base */,
			);
			name = Main.storyboard;
			sourceTree = "<group>";
		};
		878931E11CF82737001DE53E /* LaunchScreen.storyboard */ = {
			isa = PBXVariantGroup;
			children = (
				878931E21CF82737001DE53E /* Base */,
			);
			name = LaunchScreen.storyboard;
			sourceTree = "<group>";
		};
/* End PBXVariantGroup section */

/* Begin XCBuildConfiguration section */
		878931FB1CF82737001DE53E /* Debug */ = {
			isa = XCBuildConfiguration;
			buildSettings = {
				ALWAYS_SEARCH_USER_PATHS = NO;
				CLANG_ANALYZER_NONNULL = YES;
				CLANG_CXX_LANGUAGE_STANDARD = "gnu++0x";
				CLANG_CXX_LIBRARY = "libc++";
				CLANG_ENABLE_MODULES = YES;
				CLANG_ENABLE_OBJC_ARC = YES;
				CLANG_WARN_BOOL_CONVERSION = YES;
				CLANG_WARN_CONSTANT_CONVERSION = YES;
				CLANG_WARN_DIRECT_OBJC_ISA_USAGE = YES_ERROR;
				CLANG_WARN_EMPTY_BODY = YES;
				CLANG_WARN_ENUM_CONVERSION = YES;
				CLANG_WARN_INT_CONVERSION = YES;
				CLANG_WARN_OBJC_ROOT_CLASS = YES_ERROR;
				CLANG_WARN_UNREACHABLE_CODE = YES;
				CLANG_WARN__DUPLICATE_METHOD_MATCH = YES;
				"CODE_SIGN_IDENTITY[sdk=iphoneos*]" = "iPhone Developer";
				COPY_PHASE_STRIP = NO;
				DEBUG_INFORMATION_FORMAT = dwarf;
				ENABLE_STRICT_OBJC_MSGSEND = YES;
				ENABLE_TESTABILITY = YES;
				GCC_C_LANGUAGE_STANDARD = gnu99;
				GCC_DYNAMIC_NO_PIC = NO;
				GCC_NO_COMMON_BLOCKS = YES;
				GCC_OPTIMIZATION_LEVEL = 0;
				GCC_PREPROCESSOR_DEFINITIONS = (
					"DEBUG=1",
					"$(inherited)",
				);
				GCC_WARN_64_TO_32_BIT_CONVERSION = YES;
				GCC_WARN_ABOUT_RETURN_TYPE = YES_ERROR;
				GCC_WARN_UNDECLARED_SELECTOR = YES;
				GCC_WARN_UNINITIALIZED_AUTOS = YES_AGGRESSIVE;
				GCC_WARN_UNUSED_FUNCTION = YES;
				GCC_WARN_UNUSED_VARIABLE = YES;
				IPHONEOS_DEPLOYMENT_TARGET = 9.3;
				MTL_ENABLE_DEBUG_INFO = YES;
				ONLY_ACTIVE_ARCH = YES;
				SDKROOT = iphoneos;
				TARGETED_DEVICE_FAMILY = "1,2";
			};
			name = Debug;
		};
		878931FC1CF82737001DE53E /* Release */ = {
			isa = XCBuildConfiguration;
			buildSettings = {
				ALWAYS_SEARCH_USER_PATHS = NO;
				CLANG_ANALYZER_NONNULL = YES;
				CLANG_CXX_LANGUAGE_STANDARD = "gnu++0x";
				CLANG_CXX_LIBRARY = "libc++";
				CLANG_ENABLE_MODULES = YES;
				CLANG_ENABLE_OBJC_ARC = YES;
				CLANG_WARN_BOOL_CONVERSION = YES;
				CLANG_WARN_CONSTANT_CONVERSION = YES;
				CLANG_WARN_DIRECT_OBJC_ISA_USAGE = YES_ERROR;
				CLANG_WARN_EMPTY_BODY = YES;
				CLANG_WARN_ENUM_CONVERSION = YES;
				CLANG_WARN_INT_CONVERSION = YES;
				CLANG_WARN_OBJC_ROOT_CLASS = YES_ERROR;
				CLANG_WARN_UNREACHABLE_CODE = YES;
				CLANG_WARN__DUPLICATE_METHOD_MATCH = YES;
				"CODE_SIGN_IDENTITY[sdk=iphoneos*]" = "iPhone Developer";
				COPY_PHASE_STRIP = NO;
				DEBUG_INFORMATION_FORMAT = "dwarf-with-dsym";
				ENABLE_NS_ASSERTIONS = NO;
				ENABLE_STRICT_OBJC_MSGSEND = YES;
				GCC_C_LANGUAGE_STANDARD = gnu99;
				GCC_NO_COMMON_BLOCKS = YES;
				GCC_WARN_64_TO_32_BIT_CONVERSION = YES;
				GCC_WARN_ABOUT_RETURN_TYPE = YES_ERROR;
				GCC_WARN_UNDECLARED_SELECTOR = YES;
				GCC_WARN_UNINITIALIZED_AUTOS = YES_AGGRESSIVE;
				GCC_WARN_UNUSED_FUNCTION = YES;
				GCC_WARN_UNUSED_VARIABLE = YES;
				IPHONEOS_DEPLOYMENT_TARGET = 9.3;
				MTL_ENABLE_DEBUG_INFO = NO;
				SDKROOT = iphoneos;
				TARGETED_DEVICE_FAMILY = "1,2";
				VALIDATE_PRODUCT = YES;
			};
			name = Release;
		};
		878931FE1CF82737001DE53E /* Debug */ = {
			isa = XCBuildConfiguration;
			buildSettings = {
				ASSETCATALOG_COMPILER_APPICON_NAME = AppIcon;
				INFOPLIST_FILE = AdrBookTools/Info.plist;
				LD_RUNPATH_SEARCH_PATHS = "$(inherited) @executable_path/Frameworks";
				PRODUCT_BUNDLE_IDENTIFIER = com.qihua.AdrBookTools;
				PRODUCT_NAME = "$(TARGET_NAME)";
			};
			name = Debug;
		};
		878931FF1CF82737001DE53E /* Release */ = {
			isa = XCBuildConfiguration;
			buildSettings = {
				ASSETCATALOG_COMPILER_APPICON_NAME = AppIcon;
				INFOPLIST_FILE = AdrBookTools/Info.plist;
				LD_RUNPATH_SEARCH_PATHS = "$(inherited) @executable_path/Frameworks";
				PRODUCT_BUNDLE_IDENTIFIER = com.qihua.AdrBookTools;
				PRODUCT_NAME = "$(TARGET_NAME)";
			};
			name = Release;
		};
		878932011CF82737001DE53E /* Debug */ = {
			isa = XCBuildConfiguration;
			buildSettings = {
				BUNDLE_LOADER = "$(TEST_HOST)";
				INFOPLIST_FILE = AdrBookToolsTests/Info.plist;
				LD_RUNPATH_SEARCH_PATHS = "$(inherited) @executable_path/Frameworks @loader_path/Frameworks";
				PRODUCT_BUNDLE_IDENTIFIER = com.norw.AdrBookToolsTests;
				PRODUCT_NAME = "$(TARGET_NAME)";
				TEST_HOST = "$(BUILT_PRODUCTS_DIR)/AdrBookTools.app/AdrBookTools";
			};
			name = Debug;
		};
		878932021CF82737001DE53E /* Release */ = {
			isa = XCBuildConfiguration;
			buildSettings = {
				BUNDLE_LOADER = "$(TEST_HOST)";
				INFOPLIST_FILE = AdrBookToolsTests/Info.plist;
				LD_RUNPATH_SEARCH_PATHS = "$(inherited) @executable_path/Frameworks @loader_path/Frameworks";
				PRODUCT_BUNDLE_IDENTIFIER = com.norw.AdrBookToolsTests;
				PRODUCT_NAME = "$(TARGET_NAME)";
				TEST_HOST = "$(BUILT_PRODUCTS_DIR)/AdrBookTools.app/AdrBookTools";
			};
			name = Release;
		};
		878932041CF82737001DE53E /* Debug */ = {
			isa = XCBuildConfiguration;
			buildSettings = {
				INFOPLIST_FILE = AdrBookToolsUITests/Info.plist;
				LD_RUNPATH_SEARCH_PATHS = "$(inherited) @executable_path/Frameworks @loader_path/Frameworks";
				PRODUCT_BUNDLE_IDENTIFIER = com.norw.AdrBookToolsUITests;
				PRODUCT_NAME = "$(TARGET_NAME)";
				TEST_TARGET_NAME = AdrBookTools;
			};
			name = Debug;
		};
		878932051CF82737001DE53E /* Release */ = {
			isa = XCBuildConfiguration;
			buildSettings = {
				INFOPLIST_FILE = AdrBookToolsUITests/Info.plist;
				LD_RUNPATH_SEARCH_PATHS = "$(inherited) @executable_path/Frameworks @loader_path/Frameworks";
				PRODUCT_BUNDLE_IDENTIFIER = com.norw.AdrBookToolsUITests;
				PRODUCT_NAME = "$(TARGET_NAME)";
				TEST_TARGET_NAME = AdrBookTools;
			};
			name = Release;
		};
/* End XCBuildConfiguration section */

/* Begin XCConfigurationList section */
		878931CB1CF82737001DE53E /* Build configuration list for PBXProject "AdrBookTools" */ = {
			isa = XCConfigurationList;
			buildConfigurations = (
				878931FB1CF82737001DE53E /* Debug */,
				878931FC1CF82737001DE53E /* Release */,
			);
			defaultConfigurationIsVisible = 0;
			defaultConfigurationName = Release;
		};
		878931FD1CF82737001DE53E /* Build configuration list for PBXNativeTarget "AdrBookTools" */ = {
			isa = XCConfigurationList;
			buildConfigurations = (
				878931FE1CF82737001DE53E /* Debug */,
				878931FF1CF82737001DE53E /* Release */,
			);
			defaultConfigurationIsVisible = 0;
			defaultConfigurationName = Release;
		};
		878932001CF82737001DE53E /* Build configuration list for PBXNativeTarget "AdrBookToolsTests" */ = {
			isa = XCConfigurationList;
			buildConfigurations = (
				878932011CF82737001DE53E /* Debug */,
				878932021CF82737001DE53E /* Release */,
			);
			defaultConfigurationIsVisible = 0;
			defaultConfigurationName = Release;
		};
		878932031CF82737001DE53E /* Build configuration list for PBXNativeTarget "AdrBookToolsUITests" */ = {
			isa = XCConfigurationList;
			buildConfigurations = (
				878932041CF82737001DE53E /* Debug */,
				878932051CF82737001DE53E /* Release */,
			);
			defaultConfigurationIsVisible = 0;
			defaultConfigurationName = Release;
		};
/* End XCConfigurationList section */
	};
	rootObject = 878931C81CF82737001DE53E /* Project object */;
}
